// !$*UTF8*$!
{
	archiveVersion = 1;
	classes = {
	};
	objectVersion = 48;
	objects = {

/* Begin PBXBuildFile section */
		AE1F2C4D2048232000E31E22 /* T0Utils.framework in Frameworks */ = {isa = PBXBuildFile; fileRef = AE1F2C442048231F00E31E22 /* T0Utils.framework */; };
		AE1F2C522048232000E31E22 /* TestJSONObject.swift in Sources */ = {isa = PBXBuildFile; fileRef = AE1F2C512048232000E31E22 /* TestJSONObject.swift */; };
		AE1F2C692048233B00E31E22 /* T0Utils.framework in Frameworks */ = {isa = PBXBuildFile; fileRef = AE1F2C602048233A00E31E22 /* T0Utils.framework */; };
		AE1F2C7E20482E2600E31E22 /* LICENSE in Resources */ = {isa = PBXBuildFile; fileRef = AE1F2C7C20482E2600E31E22 /* LICENSE */; };
		AE1F2C7F20482E2600E31E22 /* LICENSE in Resources */ = {isa = PBXBuildFile; fileRef = AE1F2C7C20482E2600E31E22 /* LICENSE */; };
		AE1F2C822048593B00E31E22 /* TestJSONObject.swift in Sources */ = {isa = PBXBuildFile; fileRef = AE1F2C512048232000E31E22 /* TestJSONObject.swift */; };
		AE1F2C8C204887B000E31E22 /* JSONObject.swift in Sources */ = {isa = PBXBuildFile; fileRef = AE1F2C8B204887B000E31E22 /* JSONObject.swift */; };
		AE1F2C8E204890A500E31E22 /* SwiftStdLibUtils.swift in Sources */ = {isa = PBXBuildFile; fileRef = AE1F2C8D204890A500E31E22 /* SwiftStdLibUtils.swift */; };
		AE1F2C912048971B00E31E22 /* TestSwiftStdLibUtils.swift in Sources */ = {isa = PBXBuildFile; fileRef = AE1F2C8F2048970D00E31E22 /* TestSwiftStdLibUtils.swift */; };
		AE1F2C922048971C00E31E22 /* TestSwiftStdLibUtils.swift in Sources */ = {isa = PBXBuildFile; fileRef = AE1F2C8F2048970D00E31E22 /* TestSwiftStdLibUtils.swift */; };
		AE1F2C932048A9D900E31E22 /* SwiftStdLibUtils.swift in Sources */ = {isa = PBXBuildFile; fileRef = AE1F2C8D204890A500E31E22 /* SwiftStdLibUtils.swift */; };
		AE1F2C952048AA4700E31E22 /* Feeder.swift in Sources */ = {isa = PBXBuildFile; fileRef = AE1F2C942048AA4700E31E22 /* Feeder.swift */; };
		AE1F2C982048AB6F00E31E22 /* CwlUtils.framework in Frameworks */ = {isa = PBXBuildFile; fileRef = AE1F2C992048AB6F00E31E22 /* CwlUtils.framework */; };
		AE1F2C9A2048AB7F00E31E22 /* CwlUtils.framework in Frameworks */ = {isa = PBXBuildFile; fileRef = AE1F2C992048AB6F00E31E22 /* CwlUtils.framework */; };
		AE1F2C9C2048AC6100E31E22 /* TestFeeder.swift in Sources */ = {isa = PBXBuildFile; fileRef = AE1F2C962048AAF500E31E22 /* TestFeeder.swift */; };
		AE1F2C9D2048AC6300E31E22 /* TestFeeder.swift in Sources */ = {isa = PBXBuildFile; fileRef = AE1F2C962048AAF500E31E22 /* TestFeeder.swift */; };
		AE1F2C9E2048AC7500E31E22 /* Feeder.swift in Sources */ = {isa = PBXBuildFile; fileRef = AE1F2C942048AA4700E31E22 /* Feeder.swift */; };
		AE9F4EF72058305400C8DD98 /* Geometry.swift in Sources */ = {isa = PBXBuildFile; fileRef = AE9F4EF62058305400C8DD98 /* Geometry.swift */; };
		AE9F4EF82058306E00C8DD98 /* Geometry.swift in Sources */ = {isa = PBXBuildFile; fileRef = AE9F4EF62058305400C8DD98 /* Geometry.swift */; };
		AEA87106204A9ED400ADB2DB /* Logging.swift in Sources */ = {isa = PBXBuildFile; fileRef = AEA87105204A9ED400ADB2DB /* Logging.swift */; };
		AEA87108204AB67600ADB2DB /* UnifiedTypes.swift in Sources */ = {isa = PBXBuildFile; fileRef = AEA87107204AB67600ADB2DB /* UnifiedTypes.swift */; };
		AEA87109204ABD5A00ADB2DB /* Logging.swift in Sources */ = {isa = PBXBuildFile; fileRef = AEA87105204A9ED400ADB2DB /* Logging.swift */; };
		AEA8710A204ABD6100ADB2DB /* JSONObject.swift in Sources */ = {isa = PBXBuildFile; fileRef = AE1F2C8B204887B000E31E22 /* JSONObject.swift */; };
		AEA8710B204ABD6B00ADB2DB /* UnifiedTypes.swift in Sources */ = {isa = PBXBuildFile; fileRef = AEA87107204AB67600ADB2DB /* UnifiedTypes.swift */; };
/* End PBXBuildFile section */

/* Begin PBXContainerItemProxy section */
		AE1F2C4E2048232000E31E22 /* PBXContainerItemProxy */ = {
			isa = PBXContainerItemProxy;
			containerPortal = AE1F2C2B204821CF00E31E22 /* Project object */;
			proxyType = 1;
			remoteGlobalIDString = AE1F2C432048231F00E31E22;
			remoteInfo = "T0Utils-iOS";
		};
		AE1F2C6A2048233B00E31E22 /* PBXContainerItemProxy */ = {
			isa = PBXContainerItemProxy;
			containerPortal = AE1F2C2B204821CF00E31E22 /* Project object */;
			proxyType = 1;
			remoteGlobalIDString = AE1F2C5F2048233A00E31E22;
			remoteInfo = "T0Utils-macOS";
		};
/* End PBXContainerItemProxy section */

/* Begin PBXFileReference section */
		AE1F2C392048228400E31E22 /* T0Utils.h */ = {isa = PBXFileReference; lastKnownFileType = sourcecode.c.h; path = T0Utils.h; sourceTree = "<group>"; };
		AE1F2C3A2048228400E31E22 /* Info.plist */ = {isa = PBXFileReference; lastKnownFileType = text.plist.xml; path = Info.plist; sourceTree = "<group>"; };
		AE1F2C442048231F00E31E22 /* T0Utils.framework */ = {isa = PBXFileReference; explicitFileType = wrapper.framework; includeInIndex = 0; path = T0Utils.framework; sourceTree = BUILT_PRODUCTS_DIR; };
		AE1F2C4C2048232000E31E22 /* T0Utils-iOSTests.xctest */ = {isa = PBXFileReference; explicitFileType = wrapper.cfbundle; includeInIndex = 0; path = "T0Utils-iOSTests.xctest"; sourceTree = BUILT_PRODUCTS_DIR; };
		AE1F2C512048232000E31E22 /* TestJSONObject.swift */ = {isa = PBXFileReference; lastKnownFileType = sourcecode.swift; path = TestJSONObject.swift; sourceTree = "<group>"; };
		AE1F2C532048232000E31E22 /* Info.plist */ = {isa = PBXFileReference; lastKnownFileType = text.plist.xml; path = Info.plist; sourceTree = "<group>"; };
		AE1F2C602048233A00E31E22 /* T0Utils.framework */ = {isa = PBXFileReference; explicitFileType = wrapper.framework; includeInIndex = 0; path = T0Utils.framework; sourceTree = BUILT_PRODUCTS_DIR; };
		AE1F2C682048233A00E31E22 /* T0Utils-macOSTests.xctest */ = {isa = PBXFileReference; explicitFileType = wrapper.cfbundle; includeInIndex = 0; path = "T0Utils-macOSTests.xctest"; sourceTree = BUILT_PRODUCTS_DIR; };
		AE1F2C6F2048233B00E31E22 /* Info.plist */ = {isa = PBXFileReference; lastKnownFileType = text.plist.xml; path = Info.plist; sourceTree = "<group>"; };
		AE1F2C7C20482E2600E31E22 /* LICENSE */ = {isa = PBXFileReference; fileEncoding = 4; lastKnownFileType = text; path = LICENSE; sourceTree = "<group>"; };
		AE1F2C7D20482E2600E31E22 /* README.md */ = {isa = PBXFileReference; fileEncoding = 4; lastKnownFileType = net.daringfireball.markdown; path = README.md; sourceTree = "<group>"; };
		AE1F2C8B204887B000E31E22 /* JSONObject.swift */ = {isa = PBXFileReference; fileEncoding = 4; lastKnownFileType = sourcecode.swift; path = JSONObject.swift; sourceTree = "<group>"; };
		AE1F2C8D204890A500E31E22 /* SwiftStdLibUtils.swift */ = {isa = PBXFileReference; fileEncoding = 4; lastKnownFileType = sourcecode.swift; path = SwiftStdLibUtils.swift; sourceTree = "<group>"; };
		AE1F2C8F2048970D00E31E22 /* TestSwiftStdLibUtils.swift */ = {isa = PBXFileReference; fileEncoding = 4; lastKnownFileType = sourcecode.swift; path = TestSwiftStdLibUtils.swift; sourceTree = "<group>"; };
		AE1F2C942048AA4700E31E22 /* Feeder.swift */ = {isa = PBXFileReference; fileEncoding = 4; lastKnownFileType = sourcecode.swift; path = Feeder.swift; sourceTree = "<group>"; };
		AE1F2C962048AAF500E31E22 /* TestFeeder.swift */ = {isa = PBXFileReference; fileEncoding = 4; lastKnownFileType = sourcecode.swift; path = TestFeeder.swift; sourceTree = "<group>"; };
		AE1F2C992048AB6F00E31E22 /* CwlUtils.framework */ = {isa = PBXFileReference; explicitFileType = wrapper.framework; path = CwlUtils.framework; sourceTree = BUILT_PRODUCTS_DIR; };
		AE9F4EF62058305400C8DD98 /* Geometry.swift */ = {isa = PBXFileReference; fileEncoding = 4; lastKnownFileType = sourcecode.swift; path = Geometry.swift; sourceTree = "<group>"; };
		AEA87105204A9ED400ADB2DB /* Logging.swift */ = {isa = PBXFileReference; fileEncoding = 4; lastKnownFileType = sourcecode.swift; path = Logging.swift; sourceTree = "<group>"; };
		AEA87107204AB67600ADB2DB /* UnifiedTypes.swift */ = {isa = PBXFileReference; fileEncoding = 4; lastKnownFileType = sourcecode.swift; path = UnifiedTypes.swift; sourceTree = "<group>"; };
/* End PBXFileReference section */

/* Begin PBXFrameworksBuildPhase section */
		AE1F2C402048231F00E31E22 /* Frameworks */ = {
			isa = PBXFrameworksBuildPhase;
			buildActionMask = 2147483647;
			files = (
				AE1F2C982048AB6F00E31E22 /* CwlUtils.framework in Frameworks */,
			);
			runOnlyForDeploymentPostprocessing = 0;
		};
		AE1F2C492048232000E31E22 /* Frameworks */ = {
			isa = PBXFrameworksBuildPhase;
			buildActionMask = 2147483647;
			files = (
				AE1F2C4D2048232000E31E22 /* T0Utils.framework in Frameworks */,
			);
			runOnlyForDeploymentPostprocessing = 0;
		};
		AE1F2C5C2048233A00E31E22 /* Frameworks */ = {
			isa = PBXFrameworksBuildPhase;
			buildActionMask = 2147483647;
			files = (
				AE1F2C9A2048AB7F00E31E22 /* CwlUtils.framework in Frameworks */,
			);
			runOnlyForDeploymentPostprocessing = 0;
		};
		AE1F2C652048233A00E31E22 /* Frameworks */ = {
			isa = PBXFrameworksBuildPhase;
			buildActionMask = 2147483647;
			files = (
				AE1F2C692048233B00E31E22 /* T0Utils.framework in Frameworks */,
			);
			runOnlyForDeploymentPostprocessing = 0;
		};
/* End PBXFrameworksBuildPhase section */

/* Begin PBXGroup section */
		AE1F2C2A204821CF00E31E22 = {
			isa = PBXGroup;
			children = (
				AE1F2C782048242C00E31E22 /* Source */,
				AE1F2C792048243D00E31E22 /* Test */,
				AE1F2C772048241E00E31E22 /* Frameworks */,
				AE1F2C372048228400E31E22 /* Products */,
				AE1F2C7D20482E2600E31E22 /* README.md */,
				AE1F2C7C20482E2600E31E22 /* LICENSE */,
			);
			sourceTree = "<group>";
		};
		AE1F2C372048228400E31E22 /* Products */ = {
			isa = PBXGroup;
			children = (
				AE1F2C442048231F00E31E22 /* T0Utils.framework */,
				AE1F2C4C2048232000E31E22 /* T0Utils-iOSTests.xctest */,
				AE1F2C602048233A00E31E22 /* T0Utils.framework */,
				AE1F2C682048233A00E31E22 /* T0Utils-macOSTests.xctest */,
			);
			name = Products;
			sourceTree = "<group>";
		};
		AE1F2C382048228400E31E22 /* Supporting */ = {
			isa = PBXGroup;
			children = (
				AE1F2C392048228400E31E22 /* T0Utils.h */,
				AE1F2C3A2048228400E31E22 /* Info.plist */,
			);
			path = Supporting;
			sourceTree = "<group>";
		};
		AE1F2C772048241E00E31E22 /* Frameworks */ = {
			isa = PBXGroup;
			children = (
				AE1F2C992048AB6F00E31E22 /* CwlUtils.framework */,
			);
			name = Frameworks;
			sourceTree = "<group>";
		};
		AE1F2C782048242C00E31E22 /* Source */ = {
			isa = PBXGroup;
			children = (
				AEA87105204A9ED400ADB2DB /* Logging.swift */,
				AE1F2C8B204887B000E31E22 /* JSONObject.swift */,
				AE1F2C8D204890A500E31E22 /* SwiftStdLibUtils.swift */,
				AE1F2C942048AA4700E31E22 /* Feeder.swift */,
				AEA87107204AB67600ADB2DB /* UnifiedTypes.swift */,
				AE9F4EF62058305400C8DD98 /* Geometry.swift */,
				AE1F2C382048228400E31E22 /* Supporting */,
			);
			path = Source;
			sourceTree = "<group>";
		};
		AE1F2C792048243D00E31E22 /* Test */ = {
			isa = PBXGroup;
			children = (
				AE1F2C512048232000E31E22 /* TestJSONObject.swift */,
				AE1F2C8F2048970D00E31E22 /* TestSwiftStdLibUtils.swift */,
				AE1F2C962048AAF500E31E22 /* TestFeeder.swift */,
				AE1F2C7A2048247B00E31E22 /* _iOS */,
				AE1F2C7B2048249100E31E22 /* _macOS */,
			);
			path = Test;
			sourceTree = "<group>";
		};
		AE1F2C7A2048247B00E31E22 /* _iOS */ = {
			isa = PBXGroup;
			children = (
				AE1F2C532048232000E31E22 /* Info.plist */,
			);
			path = _iOS;
			sourceTree = "<group>";
		};
		AE1F2C7B2048249100E31E22 /* _macOS */ = {
			isa = PBXGroup;
			children = (
				AE1F2C6F2048233B00E31E22 /* Info.plist */,
			);
			path = _macOS;
			sourceTree = "<group>";
		};
/* End PBXGroup section */

/* Begin PBXHeadersBuildPhase section */
		AE1F2C412048231F00E31E22 /* Headers */ = {
			isa = PBXHeadersBuildPhase;
			buildActionMask = 2147483647;
			files = (
			);
			runOnlyForDeploymentPostprocessing = 0;
		};
		AE1F2C5D2048233A00E31E22 /* Headers */ = {
			isa = PBXHeadersBuildPhase;
			buildActionMask = 2147483647;
			files = (
			);
			runOnlyForDeploymentPostprocessing = 0;
		};
/* End PBXHeadersBuildPhase section */

/* Begin PBXNativeTarget section */
		AE1F2C432048231F00E31E22 /* T0Utils-iOS */ = {
			isa = PBXNativeTarget;
			buildConfigurationList = AE1F2C552048232000E31E22 /* Build configuration list for PBXNativeTarget "T0Utils-iOS" */;
			buildPhases = (
				AE1F2C3F2048231F00E31E22 /* Sources */,
				AE1F2C402048231F00E31E22 /* Frameworks */,
				AE1F2C412048231F00E31E22 /* Headers */,
				AE1F2C422048231F00E31E22 /* Resources */,
			);
			buildRules = (
			);
			dependencies = (
			);
			name = "T0Utils-iOS";
			productName = "T0Utils-iOS";
			productReference = AE1F2C442048231F00E31E22 /* T0Utils.framework */;
			productType = "com.apple.product-type.framework";
		};
		AE1F2C4B2048232000E31E22 /* T0Utils-iOSTests */ = {
			isa = PBXNativeTarget;
			buildConfigurationList = AE1F2C582048232000E31E22 /* Build configuration list for PBXNativeTarget "T0Utils-iOSTests" */;
			buildPhases = (
				AE1F2C482048232000E31E22 /* Sources */,
				AE1F2C492048232000E31E22 /* Frameworks */,
				AE1F2C4A2048232000E31E22 /* Resources */,
			);
			buildRules = (
			);
			dependencies = (
				AE1F2C4F2048232000E31E22 /* PBXTargetDependency */,
			);
			name = "T0Utils-iOSTests";
			productName = "T0Utils-iOSTests";
			productReference = AE1F2C4C2048232000E31E22 /* T0Utils-iOSTests.xctest */;
			productType = "com.apple.product-type.bundle.unit-test";
		};
		AE1F2C5F2048233A00E31E22 /* T0Utils-macOS */ = {
			isa = PBXNativeTarget;
			buildConfigurationList = AE1F2C712048233B00E31E22 /* Build configuration list for PBXNativeTarget "T0Utils-macOS" */;
			buildPhases = (
				AE1F2C5B2048233A00E31E22 /* Sources */,
				AE1F2C5C2048233A00E31E22 /* Frameworks */,
				AE1F2C5D2048233A00E31E22 /* Headers */,
				AE1F2C5E2048233A00E31E22 /* Resources */,
			);
			buildRules = (
			);
			dependencies = (
			);
			name = "T0Utils-macOS";
			productName = "T0Utils-macOS";
			productReference = AE1F2C602048233A00E31E22 /* T0Utils.framework */;
			productType = "com.apple.product-type.framework";
		};
		AE1F2C672048233A00E31E22 /* T0Utils-macOSTests */ = {
			isa = PBXNativeTarget;
			buildConfigurationList = AE1F2C742048233B00E31E22 /* Build configuration list for PBXNativeTarget "T0Utils-macOSTests" */;
			buildPhases = (
				AE1F2C642048233A00E31E22 /* Sources */,
				AE1F2C652048233A00E31E22 /* Frameworks */,
				AE1F2C662048233A00E31E22 /* Resources */,
			);
			buildRules = (
			);
			dependencies = (
				AE1F2C6B2048233B00E31E22 /* PBXTargetDependency */,
			);
			name = "T0Utils-macOSTests";
			productName = "T0Utils-macOSTests";
			productReference = AE1F2C682048233A00E31E22 /* T0Utils-macOSTests.xctest */;
			productType = "com.apple.product-type.bundle.unit-test";
		};
/* End PBXNativeTarget section */

/* Begin PBXProject section */
		AE1F2C2B204821CF00E31E22 /* Project object */ = {
			isa = PBXProject;
			attributes = {
				CLASSPREFIX = "";
				LastSwiftUpdateCheck = 0920;
				LastUpgradeCheck = 0920;
				ORGANIZATIONNAME = "Torsten Louland";
				TargetAttributes = {
					AE1F2C432048231F00E31E22 = {
						CreatedOnToolsVersion = 9.2;
						LastSwiftMigration = 0920;
						ProvisioningStyle = Automatic;
					};
					AE1F2C4B2048232000E31E22 = {
						CreatedOnToolsVersion = 9.2;
						ProvisioningStyle = Automatic;
					};
					AE1F2C5F2048233A00E31E22 = {
						CreatedOnToolsVersion = 9.2;
						ProvisioningStyle = Automatic;
					};
					AE1F2C672048233A00E31E22 = {
						CreatedOnToolsVersion = 9.2;
						ProvisioningStyle = Automatic;
					};
				};
			};
			buildConfigurationList = AE1F2C2E204821CF00E31E22 /* Build configuration list for PBXProject "T0Utils" */;
			compatibilityVersion = "Xcode 8.0";
			developmentRegion = en;
			hasScannedForEncodings = 0;
			knownRegions = (
				en,
			);
			mainGroup = AE1F2C2A204821CF00E31E22;
			productRefGroup = AE1F2C372048228400E31E22 /* Products */;
			projectDirPath = "";
			projectRoot = "";
			targets = (
				AE1F2C432048231F00E31E22 /* T0Utils-iOS */,
				AE1F2C4B2048232000E31E22 /* T0Utils-iOSTests */,
				AE1F2C5F2048233A00E31E22 /* T0Utils-macOS */,
				AE1F2C672048233A00E31E22 /* T0Utils-macOSTests */,
			);
		};
/* End PBXProject section */

/* Begin PBXResourcesBuildPhase section */
		AE1F2C422048231F00E31E22 /* Resources */ = {
			isa = PBXResourcesBuildPhase;
			buildActionMask = 2147483647;
			files = (
				AE1F2C7E20482E2600E31E22 /* LICENSE in Resources */,
			);
			runOnlyForDeploymentPostprocessing = 0;
		};
		AE1F2C4A2048232000E31E22 /* Resources */ = {
			isa = PBXResourcesBuildPhase;
			buildActionMask = 2147483647;
			files = (
			);
			runOnlyForDeploymentPostprocessing = 0;
		};
		AE1F2C5E2048233A00E31E22 /* Resources */ = {
			isa = PBXResourcesBuildPhase;
			buildActionMask = 2147483647;
			files = (
				AE1F2C7F20482E2600E31E22 /* LICENSE in Resources */,
			);
			runOnlyForDeploymentPostprocessing = 0;
		};
		AE1F2C662048233A00E31E22 /* Resources */ = {
			isa = PBXResourcesBuildPhase;
			buildActionMask = 2147483647;
			files = (
			);
			runOnlyForDeploymentPostprocessing = 0;
		};
/* End PBXResourcesBuildPhase section */

/* Begin PBXSourcesBuildPhase section */
		AE1F2C3F2048231F00E31E22 /* Sources */ = {
			isa = PBXSourcesBuildPhase;
			buildActionMask = 2147483647;
			files = (
				AEA87106204A9ED400ADB2DB /* Logging.swift in Sources */,
				AE9F4EF72058305400C8DD98 /* Geometry.swift in Sources */,
				AE1F2C8C204887B000E31E22 /* JSONObject.swift in Sources */,
				AEA87108204AB67600ADB2DB /* UnifiedTypes.swift in Sources */,
				AE1F2C8E204890A500E31E22 /* SwiftStdLibUtils.swift in Sources */,
				AE1F2C952048AA4700E31E22 /* Feeder.swift in Sources */,
			);
			runOnlyForDeploymentPostprocessing = 0;
		};
		AE1F2C482048232000E31E22 /* Sources */ = {
			isa = PBXSourcesBuildPhase;
			buildActionMask = 2147483647;
			files = (
				AE1F2C9C2048AC6100E31E22 /* TestFeeder.swift in Sources */,
				AE1F2C522048232000E31E22 /* TestJSONObject.swift in Sources */,
				AE1F2C912048971B00E31E22 /* TestSwiftStdLibUtils.swift in Sources */,
			);
			runOnlyForDeploymentPostprocessing = 0;
		};
		AE1F2C5B2048233A00E31E22 /* Sources */ = {
			isa = PBXSourcesBuildPhase;
			buildActionMask = 2147483647;
			files = (
				AEA8710A204ABD6100ADB2DB /* JSONObject.swift in Sources */,
				AE9F4EF82058306E00C8DD98 /* Geometry.swift in Sources */,
				AE1F2C9E2048AC7500E31E22 /* Feeder.swift in Sources */,
				AEA8710B204ABD6B00ADB2DB /* UnifiedTypes.swift in Sources */,
				AEA87109204ABD5A00ADB2DB /* Logging.swift in Sources */,
				AE1F2C932048A9D900E31E22 /* SwiftStdLibUtils.swift in Sources */,
			);
			runOnlyForDeploymentPostprocessing = 0;
		};
		AE1F2C642048233A00E31E22 /* Sources */ = {
			isa = PBXSourcesBuildPhase;
			buildActionMask = 2147483647;
			files = (
				AE1F2C9D2048AC6300E31E22 /* TestFeeder.swift in Sources */,
				AE1F2C822048593B00E31E22 /* TestJSONObject.swift in Sources */,
				AE1F2C922048971C00E31E22 /* TestSwiftStdLibUtils.swift in Sources */,
			);
			runOnlyForDeploymentPostprocessing = 0;
		};
/* End PBXSourcesBuildPhase section */

/* Begin PBXTargetDependency section */
		AE1F2C4F2048232000E31E22 /* PBXTargetDependency */ = {
			isa = PBXTargetDependency;
			target = AE1F2C432048231F00E31E22 /* T0Utils-iOS */;
			targetProxy = AE1F2C4E2048232000E31E22 /* PBXContainerItemProxy */;
		};
		AE1F2C6B2048233B00E31E22 /* PBXTargetDependency */ = {
			isa = PBXTargetDependency;
			target = AE1F2C5F2048233A00E31E22 /* T0Utils-macOS */;
			targetProxy = AE1F2C6A2048233B00E31E22 /* PBXContainerItemProxy */;
		};
/* End PBXTargetDependency section */

/* Begin XCBuildConfiguration section */
		AE1F2C2F204821CF00E31E22 /* Debug */ = {
			isa = XCBuildConfiguration;
			buildSettings = {
				ALWAYS_SEARCH_USER_PATHS = NO;
				CLANG_ANALYZER_NONNULL = YES;
				CLANG_ANALYZER_NUMBER_OBJECT_CONVERSION = YES_AGGRESSIVE;
				CLANG_CXX_LANGUAGE_STANDARD = "gnu++14";
				CLANG_CXX_LIBRARY = "libc++";
				CLANG_ENABLE_MODULES = YES;
				CLANG_ENABLE_OBJC_ARC = YES;
				CLANG_WARN_BLOCK_CAPTURE_AUTORELEASING = YES;
				CLANG_WARN_BOOL_CONVERSION = YES;
				CLANG_WARN_COMMA = YES;
				CLANG_WARN_CONSTANT_CONVERSION = YES;
				CLANG_WARN_DIRECT_OBJC_ISA_USAGE = YES_ERROR;
				CLANG_WARN_DOCUMENTATION_COMMENTS = YES;
				CLANG_WARN_EMPTY_BODY = YES;
				CLANG_WARN_ENUM_CONVERSION = YES;
				CLANG_WARN_INFINITE_RECURSION = YES;
				CLANG_WARN_INT_CONVERSION = YES;
				CLANG_WARN_NON_LITERAL_NULL_CONVERSION = YES;
				CLANG_WARN_OBJC_LITERAL_CONVERSION = YES;
				CLANG_WARN_OBJC_ROOT_CLASS = YES_ERROR;
				CLANG_WARN_RANGE_LOOP_ANALYSIS = YES;
				CLANG_WARN_STRICT_PROTOTYPES = YES;
				CLANG_WARN_SUSPICIOUS_MOVE = YES;
				CLANG_WARN_UNGUARDED_AVAILABILITY = YES_AGGRESSIVE;
				CLANG_WARN_UNREACHABLE_CODE = YES;
				CLANG_WARN__DUPLICATE_METHOD_MATCH = YES;
				COPY_PHASE_STRIP = NO;
				DEBUG_INFORMATION_FORMAT = dwarf;
				ENABLE_STRICT_OBJC_MSGSEND = YES;
				ENABLE_TESTABILITY = YES;
				GCC_C_LANGUAGE_STANDARD = gnu11;
				GCC_DYNAMIC_NO_PIC = NO;
				GCC_NO_COMMON_BLOCKS = YES;
				GCC_OPTIMIZATION_LEVEL = 0;
				GCC_PREPROCESSOR_DEFINITIONS = (
					"DEBUG=1",
					"$(inherited)",
				);
				GCC_WARN_64_TO_32_BIT_CONVERSION = YES;
				GCC_WARN_ABOUT_MISSING_NEWLINE = YES;
				GCC_WARN_ABOUT_RETURN_TYPE = YES_ERROR;
				GCC_WARN_UNDECLARED_SELECTOR = YES;
				GCC_WARN_UNINITIALIZED_AUTOS = YES_AGGRESSIVE;
				GCC_WARN_UNUSED_FUNCTION = YES;
				GCC_WARN_UNUSED_VARIABLE = YES;
				MTL_ENABLE_DEBUG_INFO = YES;
				ONLY_ACTIVE_ARCH = YES;
				SWIFT_ACTIVE_COMPILATION_CONDITIONS = DEBUG;
				SWIFT_OPTIMIZATION_LEVEL = "-Onone";
				SWIFT_VERSION = 4.0;
			};
			name = Debug;
		};
		AE1F2C30204821CF00E31E22 /* Release */ = {
			isa = XCBuildConfiguration;
			buildSettings = {
				ALWAYS_SEARCH_USER_PATHS = NO;
				CLANG_ANALYZER_NONNULL = YES;
				CLANG_ANALYZER_NUMBER_OBJECT_CONVERSION = YES_AGGRESSIVE;
				CLANG_CXX_LANGUAGE_STANDARD = "gnu++14";
				CLANG_CXX_LIBRARY = "libc++";
				CLANG_ENABLE_MODULES = YES;
				CLANG_ENABLE_OBJC_ARC = YES;
				CLANG_WARN_BLOCK_CAPTURE_AUTORELEASING = YES;
				CLANG_WARN_BOOL_CONVERSION = YES;
				CLANG_WARN_COMMA = YES;
				CLANG_WARN_CONSTANT_CONVERSION = YES;
				CLANG_WARN_DIRECT_OBJC_ISA_USAGE = YES_ERROR;
				CLANG_WARN_DOCUMENTATION_COMMENTS = YES;
				CLANG_WARN_EMPTY_BODY = YES;
				CLANG_WARN_ENUM_CONVERSION = YES;
				CLANG_WARN_INFINITE_RECURSION = YES;
				CLANG_WARN_INT_CONVERSION = YES;
				CLANG_WARN_NON_LITERAL_NULL_CONVERSION = YES;
				CLANG_WARN_OBJC_LITERAL_CONVERSION = YES;
				CLANG_WARN_OBJC_ROOT_CLASS = YES_ERROR;
				CLANG_WARN_RANGE_LOOP_ANALYSIS = YES;
				CLANG_WARN_STRICT_PROTOTYPES = YES;
				CLANG_WARN_SUSPICIOUS_MOVE = YES;
				CLANG_WARN_UNGUARDED_AVAILABILITY = YES_AGGRESSIVE;
				CLANG_WARN_UNREACHABLE_CODE = YES;
				CLANG_WARN__DUPLICATE_METHOD_MATCH = YES;
				COPY_PHASE_STRIP = NO;
				DEBUG_INFORMATION_FORMAT = "dwarf-with-dsym";
				ENABLE_NS_ASSERTIONS = NO;
				ENABLE_STRICT_OBJC_MSGSEND = YES;
				GCC_C_LANGUAGE_STANDARD = gnu11;
				GCC_NO_COMMON_BLOCKS = YES;
				GCC_WARN_64_TO_32_BIT_CONVERSION = YES;
				GCC_WARN_ABOUT_MISSING_NEWLINE = YES;
				GCC_WARN_ABOUT_RETURN_TYPE = YES_ERROR;
				GCC_WARN_UNDECLARED_SELECTOR = YES;
				GCC_WARN_UNINITIALIZED_AUTOS = YES_AGGRESSIVE;
				GCC_WARN_UNUSED_FUNCTION = YES;
				GCC_WARN_UNUSED_VARIABLE = YES;
				MTL_ENABLE_DEBUG_INFO = NO;
				SWIFT_OPTIMIZATION_LEVEL = "-Owholemodule";
				SWIFT_VERSION = 4.0;
				VALIDATE_PRODUCT = YES;
			};
			name = Release;
		};
		AE1F2C562048232000E31E22 /* Debug */ = {
			isa = XCBuildConfiguration;
			buildSettings = {
				CLANG_ENABLE_MODULES = YES;
				CODE_SIGN_IDENTITY = "iPhone Developer";
				CODE_SIGN_STYLE = Automatic;
				CURRENT_PROJECT_VERSION = 1;
				DEFINES_MODULE = YES;
				DEVELOPMENT_TEAM = BL988NYP4F;
				DYLIB_COMPATIBILITY_VERSION = 1;
				DYLIB_CURRENT_VERSION = 1;
				DYLIB_INSTALL_NAME_BASE = "@rpath";
				INFOPLIST_FILE = Source/Supporting/Info.plist;
				INSTALL_PATH = "$(LOCAL_LIBRARY_DIR)/Frameworks";
				IPHONEOS_DEPLOYMENT_TARGET = 10.0;
				LD_RUNPATH_SEARCH_PATHS = "$(inherited) @executable_path/Frameworks @loader_path/Frameworks";
				PRODUCT_BUNDLE_IDENTIFIER = "com.satisfyingstructures.$(PRODUCT_NAME:rfc1034identifier)";
				PRODUCT_NAME = "$(PROJECT_NAME:c99extidentifier)";
				SDKROOT = iphoneos;
				SKIP_INSTALL = YES;
				SWIFT_OPTIMIZATION_LEVEL = "-Onone";
				SWIFT_VERSION = 4.0;
				TARGETED_DEVICE_FAMILY = "1,2";
				VERSIONING_SYSTEM = "apple-generic";
				VERSION_INFO_PREFIX = "";
			};
			name = Debug;
		};
		AE1F2C572048232000E31E22 /* Release */ = {
			isa = XCBuildConfiguration;
			buildSettings = {
				CLANG_ENABLE_MODULES = YES;
				CODE_SIGN_IDENTITY = "iPhone Developer";
				CODE_SIGN_STYLE = Automatic;
				CURRENT_PROJECT_VERSION = 1;
				DEFINES_MODULE = YES;
				DEVELOPMENT_TEAM = BL988NYP4F;
				DYLIB_COMPATIBILITY_VERSION = 1;
				DYLIB_CURRENT_VERSION = 1;
				DYLIB_INSTALL_NAME_BASE = "@rpath";
				INFOPLIST_FILE = Source/Supporting/Info.plist;
				INSTALL_PATH = "$(LOCAL_LIBRARY_DIR)/Frameworks";
				IPHONEOS_DEPLOYMENT_TARGET = 10.0;
				LD_RUNPATH_SEARCH_PATHS = "$(inherited) @executable_path/Frameworks @loader_path/Frameworks";
				PRODUCT_BUNDLE_IDENTIFIER = "com.satisfyingstructures.$(PRODUCT_NAME:rfc1034identifier)";
				PRODUCT_NAME = "$(PROJECT_NAME:c99extidentifier)";
				SDKROOT = iphoneos;
				SKIP_INSTALL = YES;
				SWIFT_VERSION = 4.0;
				TARGETED_DEVICE_FAMILY = "1,2";
				VERSIONING_SYSTEM = "apple-generic";
				VERSION_INFO_PREFIX = "";
			};
			name = Release;
		};
		AE1F2C592048232000E31E22 /* Debug */ = {
			isa = XCBuildConfiguration;
			buildSettings = {
				ALWAYS_EMBED_SWIFT_STANDARD_LIBRARIES = YES;
				CODE_SIGN_IDENTITY = "iPhone Developer";
				CODE_SIGN_STYLE = Automatic;
				DEVELOPMENT_TEAM = BL988NYP4F;
				INFOPLIST_FILE = Test/_iOS/Info.plist;
				IPHONEOS_DEPLOYMENT_TARGET = 11.2;
				LD_RUNPATH_SEARCH_PATHS = "$(inherited) @executable_path/Frameworks @loader_path/Frameworks";
				PRODUCT_BUNDLE_IDENTIFIER = "com.satisfyingstructures.T0Utils-iOSTests";
				PRODUCT_NAME = "$(TARGET_NAME)";
				SDKROOT = iphoneos;
				SWIFT_VERSION = 4.0;
				TARGETED_DEVICE_FAMILY = "1,2";
			};
			name = Debug;
		};
		AE1F2C5A2048232000E31E22 /* Release */ = {
			isa = XCBuildConfiguration;
			buildSettings = {
				ALWAYS_EMBED_SWIFT_STANDARD_LIBRARIES = YES;
				CODE_SIGN_IDENTITY = "iPhone Developer";
				CODE_SIGN_STYLE = Automatic;
				DEVELOPMENT_TEAM = BL988NYP4F;
				INFOPLIST_FILE = Test/_iOS/Info.plist;
				IPHONEOS_DEPLOYMENT_TARGET = 11.2;
				LD_RUNPATH_SEARCH_PATHS = "$(inherited) @executable_path/Frameworks @loader_path/Frameworks";
				PRODUCT_BUNDLE_IDENTIFIER = "com.satisfyingstructures.T0Utils-iOSTests";
				PRODUCT_NAME = "$(TARGET_NAME)";
				SDKROOT = iphoneos;
				SWIFT_VERSION = 4.0;
				TARGETED_DEVICE_FAMILY = "1,2";
			};
			name = Release;
		};
		AE1F2C722048233B00E31E22 /* Debug */ = {
			isa = XCBuildConfiguration;
			buildSettings = {
				CODE_SIGN_IDENTITY = "Mac Developer";
				CODE_SIGN_STYLE = Automatic;
				COMBINE_HIDPI_IMAGES = YES;
				CURRENT_PROJECT_VERSION = 1;
				DEFINES_MODULE = YES;
				DEVELOPMENT_TEAM = BL988NYP4F;
				DYLIB_COMPATIBILITY_VERSION = 1;
				DYLIB_CURRENT_VERSION = 1;
				DYLIB_INSTALL_NAME_BASE = "@rpath";
				FRAMEWORK_VERSION = A;
				INFOPLIST_FILE = Source/Supporting/Info.plist;
				INSTALL_PATH = "$(LOCAL_LIBRARY_DIR)/Frameworks";
				LD_RUNPATH_SEARCH_PATHS = "$(inherited) @executable_path/../Frameworks @loader_path/Frameworks";
				MACOSX_DEPLOYMENT_TARGET = 10.12;
				PRODUCT_BUNDLE_IDENTIFIER = "com.satisfyingstructures.$(PRODUCT_NAME:rfc1034identifier)";
				PRODUCT_NAME = "$(PROJECT_NAME:c99extidentifier)";
				SDKROOT = macosx;
				SKIP_INSTALL = YES;
				SWIFT_VERSION = 4.0;
				VERSIONING_SYSTEM = "apple-generic";
				VERSION_INFO_PREFIX = "";
			};
			name = Debug;
		};
		AE1F2C732048233B00E31E22 /* Release */ = {
			isa = XCBuildConfiguration;
			buildSettings = {
				CODE_SIGN_IDENTITY = "Mac Developer";
				CODE_SIGN_STYLE = Automatic;
				COMBINE_HIDPI_IMAGES = YES;
				CURRENT_PROJECT_VERSION = 1;
				DEFINES_MODULE = YES;
				DEVELOPMENT_TEAM = BL988NYP4F;
				DYLIB_COMPATIBILITY_VERSION = 1;
				DYLIB_CURRENT_VERSION = 1;
				DYLIB_INSTALL_NAME_BASE = "@rpath";
				FRAMEWORK_VERSION = A;
				INFOPLIST_FILE = Source/Supporting/Info.plist;
				INSTALL_PATH = "$(LOCAL_LIBRARY_DIR)/Frameworks";
				LD_RUNPATH_SEARCH_PATHS = "$(inherited) @executable_path/../Frameworks @loader_path/Frameworks";
				MACOSX_DEPLOYMENT_TARGET = 10.12;
				PRODUCT_BUNDLE_IDENTIFIER = "com.satisfyingstructures.$(PRODUCT_NAME:rfc1034identifier)";
				PRODUCT_NAME = "$(PROJECT_NAME:c99extidentifier)";
				SDKROOT = macosx;
				SKIP_INSTALL = YES;
				SWIFT_VERSION = 4.0;
				VERSIONING_SYSTEM = "apple-generic";
				VERSION_INFO_PREFIX = "";
			};
			name = Release;
		};
		AE1F2C752048233B00E31E22 /* Debug */ = {
			isa = XCBuildConfiguration;
			buildSettings = {
				ALWAYS_EMBED_SWIFT_STANDARD_LIBRARIES = YES;
				CODE_SIGN_IDENTITY = "Mac Developer";
				CODE_SIGN_STYLE = Automatic;
				COMBINE_HIDPI_IMAGES = YES;
				DEVELOPMENT_TEAM = BL988NYP4F;
				INFOPLIST_FILE = Test/_macOS/Info.plist;
				LD_RUNPATH_SEARCH_PATHS = "$(inherited) @executable_path/../Frameworks @loader_path/../Frameworks";
				MACOSX_DEPLOYMENT_TARGET = 10.12;
				PRODUCT_BUNDLE_IDENTIFIER = "com.satisfyingstructures.T0Utils-macOSTests";
				PRODUCT_NAME = "$(TARGET_NAME)";
				SDKROOT = macosx;
				SWIFT_VERSION = 4.0;
			};
			name = Debug;
		};
		AE1F2C762048233B00E31E22 /* Release */ = {
			isa = XCBuildConfiguration;
			buildSettings = {
				ALWAYS_EMBED_SWIFT_STANDARD_LIBRARIES = YES;
				CODE_SIGN_IDENTITY = "Mac Developer";
				CODE_SIGN_STYLE = Automatic;
				COMBINE_HIDPI_IMAGES = YES;
				DEVELOPMENT_TEAM = BL988NYP4F;
				INFOPLIST_FILE = Test/_macOS/Info.plist;
				LD_RUNPATH_SEARCH_PATHS = "$(inherited) @executable_path/../Frameworks @loader_path/../Frameworks";
				MACOSX_DEPLOYMENT_TARGET = 10.12;
				PRODUCT_BUNDLE_IDENTIFIER = "com.satisfyingstructures.T0Utils-macOSTests";
				PRODUCT_NAME = "$(TARGET_NAME)";
				SDKROOT = macosx;
				SWIFT_VERSION = 4.0;
			};
			name = Release;
		};
/* End XCBuildConfiguration section */

/* Begin XCConfigurationList section */
		AE1F2C2E204821CF00E31E22 /* Build configuration list for PBXProject "T0Utils" */ = {
			isa = XCConfigurationList;
			buildConfigurations = (
				AE1F2C2F204821CF00E31E22 /* Debug */,
				AE1F2C30204821CF00E31E22 /* Release */,
			);
			defaultConfigurationIsVisible = 0;
			defaultConfigurationName = Release;
		};
		AE1F2C552048232000E31E22 /* Build configuration list for PBXNativeTarget "T0Utils-iOS" */ = {
			isa = XCConfigurationList;
			buildConfigurations = (
				AE1F2C562048232000E31E22 /* Debug */,
				AE1F2C572048232000E31E22 /* Release */,
			);
			defaultConfigurationIsVisible = 0;
			defaultConfigurationName = Release;
		};
		AE1F2C582048232000E31E22 /* Build configuration list for PBXNativeTarget "T0Utils-iOSTests" */ = {
			isa = XCConfigurationList;
			buildConfigurations = (
				AE1F2C592048232000E31E22 /* Debug */,
				AE1F2C5A2048232000E31E22 /* Release */,
			);
			defaultConfigurationIsVisible = 0;
			defaultConfigurationName = Release;
		};
		AE1F2C712048233B00E31E22 /* Build configuration list for PBXNativeTarget "T0Utils-macOS" */ = {
			isa = XCConfigurationList;
			buildConfigurations = (
				AE1F2C722048233B00E31E22 /* Debug */,
				AE1F2C732048233B00E31E22 /* Release */,
			);
			defaultConfigurationIsVisible = 0;
			defaultConfigurationName = Release;
		};
		AE1F2C742048233B00E31E22 /* Build configuration list for PBXNativeTarget "T0Utils-macOSTests" */ = {
			isa = XCConfigurationList;
			buildConfigurations = (
				AE1F2C752048233B00E31E22 /* Debug */,
				AE1F2C762048233B00E31E22 /* Release */,
			);
			defaultConfigurationIsVisible = 0;
			defaultConfigurationName = Release;
		};
/* End XCConfigurationList section */
	};
	rootObject = AE1F2C2B204821CF00E31E22 /* Project object */;
}
